{
    "name": "hrms",
    "version": "1.0.0",
    "lockfileVersion": 1,
    "requires": true,
    "dependencies": {
        "@babel/runtime": {
            "version": "7.17.7",
            "resolved": "https://registry.npmjs.org/@babel/runtime/-/runtime-7.17.7.tgz",
            "integrity": "sha512-L6rvG9GDxaLgFjg41K+5Yv9OMrU98sWe+Ykmc6FDJW/+vYZMhdOMKkISgzptMaERHvS2Y2lw9MDRm2gHhlQQoA==",
            "requires": {
                "regenerator-runtime": "^0.13.4"
            }
        },
        "@esbuild/linux-loong64": {
            "version": "0.14.54",
            "resolved": "https://registry.npmjs.org/@esbuild/linux-loong64/-/linux-loong64-0.14.54.tgz",
            "integrity": "sha512-bZBrLAIX1kpWelV0XemxBZllyRmM6vgFQQG2GdNb+r3Fkp0FOh1NJSvekXDs7jq70k4euu1cryLMfU+mTXlEpw==",
            "dev": true,
            "optional": true
        },
        "@swc/helpers": {
            "version": "0.2.14",
            "resolved": "https://registry.npmjs.org/@swc/helpers/-/helpers-0.2.14.tgz",
            "integrity": "sha512-wpCQMhf5p5GhNg2MmGKXzUNwxe7zRiCsmqYsamez2beP7mKPCSiu+BjZcdN95yYSzO857kr0VfQewmGpS77nqA=="
        },
        "animation-frame-polyfill": {
            "version": "1.0.2",
            "resolved": "https://registry.npmjs.org/animation-frame-polyfill/-/animation-frame-polyfill-1.0.2.tgz",
            "integrity": "sha512-PvO5poSMoHhaoNNgHPo+oqs/0L9UqjsUbqv0iOXVqLh6HX85fsOVQTUrzSBvjdZz7hydARlgLELyzJJKIrPJAQ=="
        },
        "array-from": {
            "version": "2.1.1",
            "resolved": "https://registry.npmjs.org/array-from/-/array-from-2.1.1.tgz",
            "integrity": "sha1-z+nYwmYoudxa7MYqn12PHzUsEZU="
        },
        "axios": {
            "version": "0.25.0",
            "resolved": "https://registry.npmjs.org/axios/-/axios-0.25.0.tgz",
            "integrity": "sha512-cD8FOb0tRH3uuEe6+evtAbgJtfxr7ly3fQjYcMcuPlgkwVS9xboaVIpcDV+cYQe+yGykgwZCs1pzjntcGa6l5g==",
            "dev": true,
            "requires": {
                "follow-redirects": "^1.14.7"
            }
        },
        "chart.js": {
            "version": "3.9.1",
            "resolved": "https://registry.npmjs.org/chart.js/-/chart.js-3.9.1.tgz",
            "integrity": "sha512-Ro2JbLmvg83gXF5F4sniaQ+lTbSv18E+TIf2cOeiH1Iqd2PGFOtem+DUufMZsCJwFE7ywPOpfXFBwRTGq7dh6w=="
        },
        "choices.js": {
            "version": "9.1.0",
            "resolved": "https://registry.npmjs.org/choices.js/-/choices.js-9.1.0.tgz",
            "integrity": "sha512-6NnqiE/MNnNAiMzdW7phJ49nMQylkKMQ6La6PAS1+h1VhrGt38MOPnjzEJ3cRaECieqaGpl9eFGtI2icW27r8A==",
            "requires": {
                "deepmerge": "^4.2.2",
                "fuse.js": "^3.4.6",
                "redux": "^4.1.2"
            }
        },
        "classnames": {
            "version": "2.3.2",
            "resolved": "https://registry.npmjs.org/classnames/-/classnames-2.3.2.tgz",
            "integrity": "sha512-CSbhY4cFEJRe6/GQzIk5qXZ4Jeg5pcsP7b5peFSDpffpe1cqjASH/n9UTjBwOp6XpMSTwQ8Za2K5V02ueA7Tmw=="
        },
        "cleave.js": {
            "version": "1.6.0",
            "resolved": "https://registry.npmjs.org/cleave.js/-/cleave.js-1.6.0.tgz",
            "integrity": "sha512-ivqesy3j5hQVG3gywPfwKPbi/7ZSftY/UNp5uphnqjr25yI2CP8FS2ODQPzuLXXnNLi29e2+PgPkkiKUXLs/Nw=="
        },
        "core-js": {
            "version": "3.26.1",
            "resolved": "https://registry.npmjs.org/core-js/-/core-js-3.26.1.tgz",
            "integrity": "sha512-21491RRQVzUn0GGM9Z1Jrpr6PNPxPi+Za8OM9q4tksTSnlbXXGKK1nXNg/QvwFYettXvSX6zWKCtHHfjN4puyA=="
        },
        "create-point-cb": {
            "version": "1.2.0",
            "resolved": "https://registry.npmjs.org/create-point-cb/-/create-point-cb-1.2.0.tgz",
            "integrity": "sha1-G85H/E/AGFXuEhONZ2sMsqfLznE=",
            "requires": {
                "type-func": "^1.0.1"
            }
        },
        "deepmerge": {
            "version": "4.2.2",
            "resolved": "https://registry.npmjs.org/deepmerge/-/deepmerge-4.2.2.tgz",
            "integrity": "sha512-FJ3UgI4gIl+PHZm53knsuSFpE+nESMr7M4v9QcgB7S63Kj/6WqMiFQJpBBYz1Pt+66bZpP3Q7Lye0Oo9MPKEdg=="
        },
        "desandro-matches-selector": {
            "version": "2.0.2",
            "resolved": "https://registry.npmjs.org/desandro-matches-selector/-/desandro-matches-selector-2.0.2.tgz",
            "integrity": "sha1-cXvu1NwT59jzdi9wem1YpndCGOE="
        },
        "dom-autoscroller": {
            "version": "2.3.4",
            "resolved": "https://registry.npmjs.org/dom-autoscroller/-/dom-autoscroller-2.3.4.tgz",
            "integrity": "sha512-HcAdt/2Dq9x4CG6LWXc2x9Iq0MJPAu8fuzHncclq7byufqYEYVtx9sZ/dyzR+gdj4qwEC9p27Lw1G2HRRYX6jQ==",
            "requires": {
                "animation-frame-polyfill": "^1.0.0",
                "create-point-cb": "^1.0.0",
                "dom-mousemove-dispatcher": "^1.0.1",
                "dom-plane": "^1.0.1",
                "dom-set": "^1.0.1",
                "type-func": "^1.0.1"
            }
        },
        "dom-mousemove-dispatcher": {
            "version": "1.0.1",
            "resolved": "https://registry.npmjs.org/dom-mousemove-dispatcher/-/dom-mousemove-dispatcher-1.0.1.tgz",
            "integrity": "sha1-okpt35Oye7NpT3IIdUalf8fpFA8="
        },
        "dom-plane": {
            "version": "1.0.2",
            "resolved": "https://registry.npmjs.org/dom-plane/-/dom-plane-1.0.2.tgz",
            "integrity": "sha1-+MheaXxYfxR+j8L6wd4HjB/kFyw=",
            "requires": {
                "create-point-cb": "^1.0.0"
            }
        },
        "dom-set": {
            "version": "1.1.1",
            "resolved": "https://registry.npmjs.org/dom-set/-/dom-set-1.1.1.tgz",
            "integrity": "sha1-XCxhDuSDm1IO1fmN28vjFMD6lUo=",
            "requires": {
                "array-from": "^2.1.1",
                "is-array": "^1.0.1",
                "iselement": "^1.1.4"
            }
        },
        "dom7": {
            "version": "4.0.4",
            "resolved": "https://registry.npmjs.org/dom7/-/dom7-4.0.4.tgz",
            "integrity": "sha512-DSSgBzQ4rJWQp1u6o+3FVwMNnT5bzQbMb+o31TjYYeRi05uAcpF8koxdfzeoe5ElzPmua7W7N28YJhF7iEKqIw==",
            "requires": {
                "ssr-window": "^4.0.0"
            }
        },
        "dropzone": {
            "version": "6.0.0-beta.2",
            "resolved": "https://registry.npmjs.org/dropzone/-/dropzone-6.0.0-beta.2.tgz",
            "integrity": "sha512-k44yLuFFhRk53M8zP71FaaNzJYIzr99SKmpbO/oZKNslDjNXQsBTdfLs+iONd0U0L94zzlFzRnFdqbLcs7h9fQ==",
            "requires": {
                "@swc/helpers": "^0.2.13",
                "just-extend": "^5.0.0"
            }
        },
        "echarts": {
            "version": "5.4.1",
            "resolved": "https://registry.npmjs.org/echarts/-/echarts-5.4.1.tgz",
            "integrity": "sha512-9ltS3M2JB0w2EhcYjCdmtrJ+6haZcW6acBolMGIuf01Hql1yrIV01L1aRj7jsaaIULJslEP9Z3vKlEmnJaWJVQ==",
            "requires": {
                "tslib": "2.3.0",
                "zrender": "5.4.1"
            }
        },
        "esbuild": {
            "version": "0.14.54",
            "resolved": "https://registry.npmjs.org/esbuild/-/esbuild-0.14.54.tgz",
            "integrity": "sha512-Cy9llcy8DvET5uznocPyqL3BFRrFXSVqbgpMJ9Wz8oVjZlh/zUSNbPRbov0VX7VxN2JH1Oa0uNxZ7eLRb62pJA==",
            "dev": true,
            "requires": {
                "@esbuild/linux-loong64": "0.14.54",
                "esbuild-android-64": "0.14.54",
                "esbuild-android-arm64": "0.14.54",
                "esbuild-darwin-64": "0.14.54",
                "esbuild-darwin-arm64": "0.14.54",
                "esbuild-freebsd-64": "0.14.54",
                "esbuild-freebsd-arm64": "0.14.54",
                "esbuild-linux-32": "0.14.54",
                "esbuild-linux-64": "0.14.54",
                "esbuild-linux-arm": "0.14.54",
                "esbuild-linux-arm64": "0.14.54",
                "esbuild-linux-mips64le": "0.14.54",
                "esbuild-linux-ppc64le": "0.14.54",
                "esbuild-linux-riscv64": "0.14.54",
                "esbuild-linux-s390x": "0.14.54",
                "esbuild-netbsd-64": "0.14.54",
                "esbuild-openbsd-64": "0.14.54",
                "esbuild-sunos-64": "0.14.54",
                "esbuild-windows-32": "0.14.54",
                "esbuild-windows-64": "0.14.54",
                "esbuild-windows-arm64": "0.14.54"
            }
        },
        "esbuild-android-64": {
            "version": "0.14.54",
            "resolved": "https://registry.npmjs.org/esbuild-android-64/-/esbuild-android-64-0.14.54.tgz",
            "integrity": "sha512-Tz2++Aqqz0rJ7kYBfz+iqyE3QMycD4vk7LBRyWaAVFgFtQ/O8EJOnVmTOiDWYZ/uYzB4kvP+bqejYdVKzE5lAQ==",
            "dev": true,
            "optional": true
        },
        "esbuild-android-arm64": {
            "version": "0.14.54",
            "resolved": "https://registry.npmjs.org/esbuild-android-arm64/-/esbuild-android-arm64-0.14.54.tgz",
            "integrity": "sha512-F9E+/QDi9sSkLaClO8SOV6etqPd+5DgJje1F9lOWoNncDdOBL2YF59IhsWATSt0TLZbYCf3pNlTHvVV5VfHdvg==",
            "dev": true,
            "optional": true
        },
        "esbuild-darwin-64": {
            "version": "0.14.54",
            "resolved": "https://registry.npmjs.org/esbuild-darwin-64/-/esbuild-darwin-64-0.14.54.tgz",
            "integrity": "sha512-jtdKWV3nBviOd5v4hOpkVmpxsBy90CGzebpbO9beiqUYVMBtSc0AL9zGftFuBon7PNDcdvNCEuQqw2x0wP9yug==",
            "dev": true,
            "optional": true
        },
        "esbuild-darwin-arm64": {
            "version": "0.14.54",
            "resolved": "https://registry.npmjs.org/esbuild-darwin-arm64/-/esbuild-darwin-arm64-0.14.54.tgz",
            "integrity": "sha512-OPafJHD2oUPyvJMrsCvDGkRrVCar5aVyHfWGQzY1dWnzErjrDuSETxwA2HSsyg2jORLY8yBfzc1MIpUkXlctmw==",
            "dev": true,
            "optional": true
        },
        "esbuild-freebsd-64": {
            "version": "0.14.54",
            "resolved": "https://registry.npmjs.org/esbuild-freebsd-64/-/esbuild-freebsd-64-0.14.54.tgz",
            "integrity": "sha512-OKwd4gmwHqOTp4mOGZKe/XUlbDJ4Q9TjX0hMPIDBUWWu/kwhBAudJdBoxnjNf9ocIB6GN6CPowYpR/hRCbSYAg==",
            "dev": true,
            "optional": true
        },
        "esbuild-freebsd-arm64": {
            "version": "0.14.54",
            "resolved": "https://registry.npmjs.org/esbuild-freebsd-arm64/-/esbuild-freebsd-arm64-0.14.54.tgz",
            "integrity": "sha512-sFwueGr7OvIFiQT6WeG0jRLjkjdqWWSrfbVwZp8iMP+8UHEHRBvlaxL6IuKNDwAozNUmbb8nIMXa7oAOARGs1Q==",
            "dev": true,
            "optional": true
        },
        "esbuild-linux-32": {
            "version": "0.14.54",
            "resolved": "https://registry.npmjs.org/esbuild-linux-32/-/esbuild-linux-32-0.14.54.tgz",
            "integrity": "sha512-1ZuY+JDI//WmklKlBgJnglpUL1owm2OX+8E1syCD6UAxcMM/XoWd76OHSjl/0MR0LisSAXDqgjT3uJqT67O3qw==",
            "dev": true,
            "optional": true
        },
        "esbuild-linux-64": {
            "version": "0.14.54",
            "resolved": "https://registry.npmjs.org/esbuild-linux-64/-/esbuild-linux-64-0.14.54.tgz",
            "integrity": "sha512-EgjAgH5HwTbtNsTqQOXWApBaPVdDn7XcK+/PtJwZLT1UmpLoznPd8c5CxqsH2dQK3j05YsB3L17T8vE7cp4cCg==",
            "dev": true,
            "optional": true
        },
        "esbuild-linux-arm": {
            "version": "0.14.54",
            "resolved": "https://registry.npmjs.org/esbuild-linux-arm/-/esbuild-linux-arm-0.14.54.tgz",
            "integrity": "sha512-qqz/SjemQhVMTnvcLGoLOdFpCYbz4v4fUo+TfsWG+1aOu70/80RV6bgNpR2JCrppV2moUQkww+6bWxXRL9YMGw==",
            "dev": true,
            "optional": true
        },
        "esbuild-linux-arm64": {
            "version": "0.14.54",
            "resolved": "https://registry.npmjs.org/esbuild-linux-arm64/-/esbuild-linux-arm64-0.14.54.tgz",
            "integrity": "sha512-WL71L+0Rwv+Gv/HTmxTEmpv0UgmxYa5ftZILVi2QmZBgX3q7+tDeOQNqGtdXSdsL8TQi1vIaVFHUPDe0O0kdig==",
            "dev": true,
            "optional": true
        },
        "esbuild-linux-mips64le": {
            "version": "0.14.54",
            "resolved": "https://registry.npmjs.org/esbuild-linux-mips64le/-/esbuild-linux-mips64le-0.14.54.tgz",
            "integrity": "sha512-qTHGQB8D1etd0u1+sB6p0ikLKRVuCWhYQhAHRPkO+OF3I/iSlTKNNS0Lh2Oc0g0UFGguaFZZiPJdJey3AGpAlw==",
            "dev": true,
            "optional": true
        },
        "esbuild-linux-ppc64le": {
            "version": "0.14.54",
            "resolved": "https://registry.npmjs.org/esbuild-linux-ppc64le/-/esbuild-linux-ppc64le-0.14.54.tgz",
            "integrity": "sha512-j3OMlzHiqwZBDPRCDFKcx595XVfOfOnv68Ax3U4UKZ3MTYQB5Yz3X1mn5GnodEVYzhtZgxEBidLWeIs8FDSfrQ==",
            "dev": true,
            "optional": true
        },
        "esbuild-linux-riscv64": {
            "version": "0.14.54",
            "resolved": "https://registry.npmjs.org/esbuild-linux-riscv64/-/esbuild-linux-riscv64-0.14.54.tgz",
            "integrity": "sha512-y7Vt7Wl9dkOGZjxQZnDAqqn+XOqFD7IMWiewY5SPlNlzMX39ocPQlOaoxvT4FllA5viyV26/QzHtvTjVNOxHZg==",
            "dev": true,
            "optional": true
        },
        "esbuild-linux-s390x": {
            "version": "0.14.54",
            "resolved": "https://registry.npmjs.org/esbuild-linux-s390x/-/esbuild-linux-s390x-0.14.54.tgz",
            "integrity": "sha512-zaHpW9dziAsi7lRcyV4r8dhfG1qBidQWUXweUjnw+lliChJqQr+6XD71K41oEIC3Mx1KStovEmlzm+MkGZHnHA==",
            "dev": true,
            "optional": true
        },
        "esbuild-netbsd-64": {
            "version": "0.14.54",
            "resolved": "https://registry.npmjs.org/esbuild-netbsd-64/-/esbuild-netbsd-64-0.14.54.tgz",
            "integrity": "sha512-PR01lmIMnfJTgeU9VJTDY9ZerDWVFIUzAtJuDHwwceppW7cQWjBBqP48NdeRtoP04/AtO9a7w3viI+PIDr6d+w==",
            "dev": true,
            "optional": true
        },
        "esbuild-openbsd-64": {
            "version": "0.14.54",
            "resolved": "https://registry.npmjs.org/esbuild-openbsd-64/-/esbuild-openbsd-64-0.14.54.tgz",
            "integrity": "sha512-Qyk7ikT2o7Wu76UsvvDS5q0amJvmRzDyVlL0qf5VLsLchjCa1+IAvd8kTBgUxD7VBUUVgItLkk609ZHUc1oCaw==",
            "dev": true,
            "optional": true
        },
        "esbuild-sunos-64": {
            "version": "0.14.54",
            "resolved": "https://registry.npmjs.org/esbuild-sunos-64/-/esbuild-sunos-64-0.14.54.tgz",
            "integrity": "sha512-28GZ24KmMSeKi5ueWzMcco6EBHStL3B6ubM7M51RmPwXQGLe0teBGJocmWhgwccA1GeFXqxzILIxXpHbl9Q/Kw==",
            "dev": true,
            "optional": true
        },
        "esbuild-windows-32": {
            "version": "0.14.54",
            "resolved": "https://registry.npmjs.org/esbuild-windows-32/-/esbuild-windows-32-0.14.54.tgz",
            "integrity": "sha512-T+rdZW19ql9MjS7pixmZYVObd9G7kcaZo+sETqNH4RCkuuYSuv9AGHUVnPoP9hhuE1WM1ZimHz1CIBHBboLU7w==",
            "dev": true,
            "optional": true
        },
        "esbuild-windows-64": {
            "version": "0.14.54",
            "resolved": "https://registry.npmjs.org/esbuild-windows-64/-/esbuild-windows-64-0.14.54.tgz",
            "integrity": "sha512-AoHTRBUuYwXtZhjXZbA1pGfTo8cJo3vZIcWGLiUcTNgHpJJMC1rVA44ZereBHMJtotyN71S8Qw0npiCIkW96cQ==",
            "dev": true,
            "optional": true
        },
        "esbuild-windows-arm64": {
            "version": "0.14.54",
            "resolved": "https://registry.npmjs.org/esbuild-windows-arm64/-/esbuild-windows-arm64-0.14.54.tgz",
            "integrity": "sha512-M0kuUvXhot1zOISQGXwWn6YtS+Y/1RT9WrVIOywZnJHo3jCDyewAc79aKNQWFCQm+xNHVTq9h8dZKvygoXQQRg==",
            "dev": true,
            "optional": true
        },
        "ev-emitter": {
            "version": "1.1.1",
            "resolved": "https://registry.npmjs.org/ev-emitter/-/ev-emitter-1.1.1.tgz",
            "integrity": "sha512-ipiDYhdQSCZ4hSbX4rMW+XzNKMD1prg/sTvoVmSLkuQ1MVlwjJQQA+sW8tMYR3BLUr9KjodFV4pvzunvRhd33Q=="
        },
        "feather-icons": {
            "version": "4.29.0",
            "resolved": "https://registry.npmjs.org/feather-icons/-/feather-icons-4.29.0.tgz",
            "integrity": "sha512-Y7VqN9FYb8KdaSF0qD1081HCkm0v4Eq/fpfQYQnubpqi0hXx14k+gF9iqtRys1SIcTEi97xDi/fmsPFZ8xo0GQ==",
            "requires": {
                "classnames": "^2.2.5",
                "core-js": "^3.1.3"
            }
        },
        "fg-emoji-picker": {
            "version": "1.0.1",
            "resolved": "https://registry.npmjs.org/fg-emoji-picker/-/fg-emoji-picker-1.0.1.tgz",
            "integrity": "sha512-7cZbyFvxnOdFciBxGV9SvQpPaFomn5qvJG2vlj9Cw1TKlkxL58WTXo0iwyq5+8fmPP1wrM88/MGGMh65alkxYg=="
        },
        "filepond": {
            "version": "4.30.4",
            "resolved": "https://registry.npmjs.org/filepond/-/filepond-4.30.4.tgz",
            "integrity": "sha512-FCwsMvG9iiEs6uobdDrTaKsCgsqys0NuLgPPD8n37AYVYBiiDkrPkk9MSIU5rT2FahYcL1bScYI9huIPtlzqyA=="
        },
        "filepond-plugin-file-encode": {
            "version": "2.1.10",
            "resolved": "https://registry.npmjs.org/filepond-plugin-file-encode/-/filepond-plugin-file-encode-2.1.10.tgz",
            "integrity": "sha512-SCz6Pvu/30WV2knw+zMuJ4bB+vBE7niMg2Vte3NXY9K5qfBpX0Ido35PKUrxLatSMeWiwVakhwindt2n591jJw=="
        },
        "filepond-plugin-file-validate-size": {
            "version": "2.2.8",
            "resolved": "https://registry.npmjs.org/filepond-plugin-file-validate-size/-/filepond-plugin-file-validate-size-2.2.8.tgz",
            "integrity": "sha512-yzb8scATmkWqPTP7oKQz6L8WwJm6Xmgc/fuq6DFGRaLz0I7372BUvBsxagBk/hypMIjvieNzhggm33Y60x3rcw=="
        },
        "filepond-plugin-image-exif-orientation": {
            "version": "1.0.11",
            "resolved": "https://registry.npmjs.org/filepond-plugin-image-exif-orientation/-/filepond-plugin-image-exif-orientation-1.0.11.tgz",
            "integrity": "sha512-hLBc12Fk6Zkj3L8mSAn+elugHOqT5rLUbgVXQQIQjMe0FsGjtpoxqeVR6jt4IWHGat2L9sFAgU2TGmd1mqosCg=="
        },
        "filepond-plugin-image-preview": {
            "version": "4.6.11",
            "resolved": "https://registry.npmjs.org/filepond-plugin-image-preview/-/filepond-plugin-image-preview-4.6.11.tgz",
            "integrity": "sha512-0EmQ9HnOb/X0xc5rLcNRhhmdUbp7oiicRwQrcr90ZfVmPJOOZoX3ZGUEsEPj7luMI55huguhcVozdESxtqnuRw=="
        },
        "fizzy-ui-utils": {
            "version": "2.0.7",
            "resolved": "https://registry.npmjs.org/fizzy-ui-utils/-/fizzy-ui-utils-2.0.7.tgz",
            "integrity": "sha512-CZXDVXQ1If3/r8s0T+v+qVeMshhfcuq0rqIFgJnrtd+Bu8GmDmqMjntjUePypVtjHXKJ6V4sw9zeyox34n9aCg==",
            "requires": {
                "desandro-matches-selector": "^2.0.0"
            }
        },
        "flatpickr": {
            "version": "4.6.13",
            "resolved": "https://registry.npmjs.org/flatpickr/-/flatpickr-4.6.13.tgz",
            "integrity": "sha512-97PMG/aywoYpB4IvbvUJi0RQi8vearvU0oov1WW3k0WZPBMrTQVqekSX5CjSG/M4Q3i6A/0FKXC7RyAoAUUSPw=="
        },
        "follow-redirects": {
            "version": "1.15.2",
            "resolved": "https://registry.npmjs.org/follow-redirects/-/follow-redirects-1.15.2.tgz",
            "integrity": "sha512-VQLG33o04KaQ8uYi2tVNbdrWp1QWxNNea+nmIB4EVM28v0hmP17z7aG1+wAkNzVq4KeXTq3221ye5qTJP91JwA==",
            "dev": true
        },
        "fs": {
            "version": "0.0.1-security",
            "resolved": "https://registry.npmjs.org/fs/-/fs-0.0.1-security.tgz",
            "integrity": "sha1-invTcYa23d84E/I4WLV+yq9eQdQ="
        },
        "fsevents": {
            "version": "2.3.2",
            "resolved": "https://registry.npmjs.org/fsevents/-/fsevents-2.3.2.tgz",
            "integrity": "sha512-xiqMQR4xAeHTuB9uWm+fFRcIOgKBMiOBP+eXiyT7jsgVCq1bkVygt00oASowB7EdtpOHaaPgKt812P9ab+DDKA==",
            "dev": true,
            "optional": true
        },
        "fullcalendar": {
            "version": "5.11.3",
            "resolved": "https://registry.npmjs.org/fullcalendar/-/fullcalendar-5.11.3.tgz",
            "integrity": "sha512-SgqiMEA+lWLyEd2jEwtIxdfx41j2CZr4KK00D2Gepj1MnGOjaEi13athnU6xvqMQXXjgJNj+vmlUP69QiuGncQ=="
        },
        "function-bind": {
            "version": "1.1.1",
            "resolved": "https://registry.npmjs.org/function-bind/-/function-bind-1.1.1.tgz",
            "integrity": "sha512-yIovAzMX49sF8Yl58fSCWJ5svSLuaibPxXQJFLmBObTuCr0Mf1KiPopGM9NiFjiYBCbfaa2Fh6breQ6ANVTI0A==",
            "dev": true
        },
        "fuse.js": {
            "version": "3.6.1",
            "resolved": "https://registry.npmjs.org/fuse.js/-/fuse.js-3.6.1.tgz",
            "integrity": "sha512-hT9yh/tiinkmirKrlv4KWOjztdoZo1mx9Qh4KvWqC7isoXwdUY3PNWUxceF4/qO9R6riA2C29jdTOeQOIROjgw=="
        },
        "get-size": {
            "version": "2.0.3",
            "resolved": "https://registry.npmjs.org/get-size/-/get-size-2.0.3.tgz",
            "integrity": "sha512-lXNzT/h/dTjTxRbm9BXb+SGxxzkm97h/PCIKtlN/CBCxxmkkIVV21udumMS93MuVTDX583gqc94v3RjuHmI+2Q=="
        },
        "gridjs": {
            "version": "5.1.0",
            "resolved": "https://registry.npmjs.org/gridjs/-/gridjs-5.1.0.tgz",
            "integrity": "sha512-ElT4RccHVZXR6mAn0Neh7jRv0yLPYLl9tWr9EC1tIJ7UC035kScGc/VMSJlPmOTyUU6qPUz1mtmzg/i8+IT24g==",
            "requires": {
                "preact": "^10.10.6"
            }
        },
        "has": {
            "version": "1.0.3",
            "resolved": "https://registry.npmjs.org/has/-/has-1.0.3.tgz",
            "integrity": "sha512-f2dvO0VU6Oej7RkWJGrehjbzMAjFp5/VKPp5tTpWIV4JHHZK1/BxbFRtf/siA2SWTe09caDmVtYYzWEIbBS4zw==",
            "dev": true,
            "requires": {
                "function-bind": "^1.1.1"
            }
        },
        "is-array": {
            "version": "1.0.1",
            "resolved": "https://registry.npmjs.org/is-array/-/is-array-1.0.1.tgz",
            "integrity": "sha1-6YUMwsyGDDvAl36EzPDdRkWEJ5o="
        },
        "is-core-module": {
            "version": "2.8.1",
            "resolved": "https://registry.npmjs.org/is-core-module/-/is-core-module-2.8.1.tgz",
            "integrity": "sha512-SdNCUs284hr40hFTFP6l0IfZ/RSrMXF3qgoRHd3/79unUTvrFO/JoXwkGm+5J/Oe3E/b5GsnG330uUNgRpu1PA==",
            "dev": true,
            "requires": {
                "has": "^1.0.3"
            }
        },
        "iselement": {
            "version": "1.1.4",
            "resolved": "https://registry.npmjs.org/iselement/-/iselement-1.1.4.tgz",
            "integrity": "sha1-flW1Ko68pQp+LoDluNKEDzI1MUY="
        },
        "just-extend": {
            "version": "5.1.1",
            "resolved": "https://registry.npmjs.org/just-extend/-/just-extend-5.1.1.tgz",
            "integrity": "sha512-b+z6yF1d4EOyDgylzQo5IminlUmzSeqR1hs/bzjBNjuGras4FXq/6TrzjxfN0j+TmI0ltJzTNlqXUMCniciwKQ=="
        },
        "laravel-vite-plugin": {
            "version": "0.2.4",
            "resolved": "https://registry.npmjs.org/laravel-vite-plugin/-/laravel-vite-plugin-0.2.4.tgz",
            "integrity": "sha512-tb5hZ3aZ/bjvQUAkAYSrq7b64ZyjTY/joegVzrMoV6xGZUGTHyglcNkaa2G7Wtu1j0hLIO64ETeryxWbScSfYA==",
            "dev": true
        },
        "leaflet": {
            "version": "1.9.3",
            "resolved": "https://registry.npmjs.org/leaflet/-/leaflet-1.9.3.tgz",
            "integrity": "sha512-iB2cR9vAkDOu5l3HAay2obcUHZ7xwUBBjph8+PGtmW/2lYhbLizWtG7nTeYht36WfOslixQF9D/uSIzhZgGMfQ=="
        },
        "list.js": {
            "version": "2.3.1",
            "resolved": "https://registry.npmjs.org/list.js/-/list.js-2.3.1.tgz",
            "integrity": "sha512-jnmm7DYpKtH3DxtO1E2VNCC9Gp7Wrp/FWA2JxQrZUhVJ2RCQBd57pCN6W5w6jpsfWZV0PCAbTX2NOPgyFeeZZg==",
            "requires": {
                "string-natural-compare": "^2.0.2"
            }
        },
        "list.pagination.js": {
            "version": "0.1.1",
            "resolved": "https://registry.npmjs.org/list.pagination.js/-/list.pagination.js-0.1.1.tgz",
            "integrity": "sha1-j7EmENXoDRIMlWswXQ6YHoE1lDY="
        },
        "lodash": {
            "version": "4.17.21",
            "resolved": "https://registry.npmjs.org/lodash/-/lodash-4.17.21.tgz",
            "integrity": "sha512-v2kDEe57lecTulaDIuNTPy3Ry4gLGJ6Z1O3vE1krgXZNrsQ+LFTGHVxVjcXPs17LhbZVGedAJv8XZ1tvj5FvSg==",
            "dev": true
        },
        "masonry-layout": {
            "version": "4.2.2",
            "resolved": "https://registry.npmjs.org/masonry-layout/-/masonry-layout-4.2.2.tgz",
            "integrity": "sha512-iGtAlrpHNyxaR19CvKC3npnEcAwszXoyJiI8ARV2ePi7fmYhIud25MHK8Zx4P0LCC4d3TNO9+rFa1KoK1OEOaA==",
            "requires": {
                "get-size": "^2.0.2",
                "outlayer": "^2.1.0"
            }
        },
        "moment": {
            "version": "2.29.4",
            "resolved": "https://registry.npmjs.org/moment/-/moment-2.29.4.tgz",
            "integrity": "sha512-5LC9SOxjSc2HF6vO2CyuTDNivEdoz2IvyJJGj6X8DJ0eFyfszE0QiEd+iXmBvUP3WHxSjFH/vIsA0EN00cgr8w=="
        },
        "nanoid": {
            "version": "3.3.1",
            "resolved": "https://registry.npmjs.org/nanoid/-/nanoid-3.3.1.tgz",
            "integrity": "sha512-n6Vs/3KGyxPQd6uO0eH4Bv0ojGSUvuLlIHtC3Y0kEO23YRge8H9x1GCzLn28YX0H66pMkxuaeESFq4tKISKwdw==",
            "dev": true
        },
        "outlayer": {
            "version": "2.1.1",
            "resolved": "https://registry.npmjs.org/outlayer/-/outlayer-2.1.1.tgz",
            "integrity": "sha1-KYY7beEOpdrf/8rfoNcokHOH6aI=",
            "requires": {
                "ev-emitter": "^1.0.0",
                "fizzy-ui-utils": "^2.0.0",
                "get-size": "^2.0.2"
            }
        },
        "path-parse": {
            "version": "1.0.7",
            "resolved": "https://registry.npmjs.org/path-parse/-/path-parse-1.0.7.tgz",
            "integrity": "sha512-LDJzPVEEEPR+y48z93A0Ed0yXb8pAByGWo/k5YYdYgpY2/2EsOsksJrq7lOHxryrVOn1ejG6oAp8ahvOIQD8sw==",
            "dev": true
        },
        "picocolors": {
            "version": "1.0.0",
            "resolved": "https://registry.npmjs.org/picocolors/-/picocolors-1.0.0.tgz",
            "integrity": "sha512-1fygroTLlHu66zi26VoTDv8yRgm0Fccecssto+MhsZ0D/DGW2sm8E8AjW7NU5VVTRt5GxbeZ5qBuJr+HyLYkjQ==",
            "dev": true
        },
        "postcss": {
            "version": "8.4.12",
            "resolved": "https://registry.npmjs.org/postcss/-/postcss-8.4.12.tgz",
            "integrity": "sha512-lg6eITwYe9v6Hr5CncVbK70SoioNQIq81nsaG86ev5hAidQvmOeETBqs7jm43K2F5/Ley3ytDtriImV6TpNiSg==",
            "dev": true,
            "requires": {
                "nanoid": "^3.3.1",
                "picocolors": "^1.0.0",
                "source-map-js": "^1.0.2"
            }
        },
        "preact": {
            "version": "10.11.3",
            "resolved": "https://registry.npmjs.org/preact/-/preact-10.11.3.tgz",
            "integrity": "sha512-eY93IVpod/zG3uMF22Unl8h9KkrcKIRs2EGar8hwLZZDU1lkjph303V9HZBwufh2s736U6VXuhD109LYqPoffg=="
        },
        "redux": {
            "version": "4.1.2",
            "resolved": "https://registry.npmjs.org/redux/-/redux-4.1.2.tgz",
            "integrity": "sha512-SH8PglcebESbd/shgf6mii6EIoRM0zrQyjcuQ+ojmfxjTtE0z9Y8pa62iA/OJ58qjP6j27uyW4kUF4jl/jd6sw==",
            "requires": {
                "@babel/runtime": "^7.9.2"
            }
        },
        "regenerator-runtime": {
            "version": "0.13.9",
            "resolved": "https://registry.npmjs.org/regenerator-runtime/-/regenerator-runtime-0.13.9.tgz",
            "integrity": "sha512-p3VT+cOEgxFsRRA9X4lkI1E+k2/CtnKtU4gcxyaCUreilL/vqI6CdZ3wxVUx3UOUg+gnUOQQcRI7BmSI656MYA=="
        },
        "resolve": {
            "version": "1.22.0",
            "resolved": "https://registry.npmjs.org/resolve/-/resolve-1.22.0.tgz",
            "integrity": "sha512-Hhtrw0nLeSrFQ7phPp4OOcVjLPIeMnRlr5mcnVuMe7M/7eBn98A3hmFRLoFo3DLZkivSYwhRUJTyPyWAk56WLw==",
            "dev": true,
            "requires": {
                "is-core-module": "^2.8.1",
                "path-parse": "^1.0.7",
                "supports-preserve-symlinks-flag": "^1.0.0"
            }
        },
        "rollup": {
            "version": "2.77.3",
            "resolved": "https://registry.npmjs.org/rollup/-/rollup-2.77.3.tgz",
            "integrity": "sha512-/qxNTG7FbmefJWoeeYJFbHehJ2HNWnjkAFRKzWN/45eNBBF/r8lo992CwcJXEzyVxs5FmfId+vTSTQDb+bxA+g==",
            "dev": true,
            "requires": {
                "fsevents": "~2.3.2"
            }
        },
        "sortablejs": {
            "version": "1.15.0",
            "resolved": "https://registry.npmjs.org/sortablejs/-/sortablejs-1.15.0.tgz",
            "integrity": "sha512-bv9qgVMjUMf89wAvM6AxVvS/4MX3sPeN0+agqShejLU5z5GX4C75ow1O2e5k4L6XItUyAK3gH6AxSbXrOM5e8w=="
        },
        "source-map-js": {
            "version": "1.0.2",
            "resolved": "https://registry.npmjs.org/source-map-js/-/source-map-js-1.0.2.tgz",
            "integrity": "sha512-R0XvVJ9WusLiqTCEiGCmICCMplcCkIwwR11mOSD9CR5u+IXYdiseeEuXCVAjS54zqwkLcPNnmU4OeJ6tUrWhDw==",
            "dev": true
        },
        "ssr-window": {
            "version": "4.0.2",
            "resolved": "https://registry.npmjs.org/ssr-window/-/ssr-window-4.0.2.tgz",
            "integrity": "sha512-ISv/Ch+ig7SOtw7G2+qkwfVASzazUnvlDTwypdLoPoySv+6MqlOV10VwPSE6EWkGjhW50lUmghPmpYZXMu/+AQ=="
        },
        "string-natural-compare": {
            "version": "2.0.3",
            "resolved": "https://registry.npmjs.org/string-natural-compare/-/string-natural-compare-2.0.3.tgz",
            "integrity": "sha512-4Kcl12rNjc+6EKhY8QyDVuQTAlMWwRiNbsxnVwBUKFr7dYPQuXVrtNU4sEkjF9LHY0AY6uVbB3ktbkIH4LC+BQ=="
        },
        "supports-preserve-symlinks-flag": {
            "version": "1.0.0",
            "resolved": "https://registry.npmjs.org/supports-preserve-symlinks-flag/-/supports-preserve-symlinks-flag-1.0.0.tgz",
            "integrity": "sha512-ot0WnXS9fgdkgIcePe6RHNk1WA8+muPa6cSjeR3V8K27q9BB1rTE3R1p7Hv0z1ZyAc8s6Vvv8DIyWf681MAt0w==",
            "dev": true
        },
        "sweetalert2": {
            "version": "11.6.16",
            "resolved": "https://registry.npmjs.org/sweetalert2/-/sweetalert2-11.6.16.tgz",
            "integrity": "sha512-T2FO8LptErsjE4r0WMfiSk4YbeUvPadNaUZ/cADMEOnws000znrf8zFX9S5e/spvzJDyRI5En73WQyDZhGypxQ=="
        },
        "swiper": {
            "version": "7.4.1",
            "resolved": "https://registry.npmjs.org/swiper/-/swiper-7.4.1.tgz",
            "integrity": "sha512-dhbL4tpYFvHug1J7GnKElfTi6EYhlZy/vNZRhHkWFyUsWZ1Vovipxj3la5gqllMogygXJMe3zvVv+f6eppvWiA==",
            "requires": {
                "dom7": "^4.0.2",
                "ssr-window": "^4.0.2"
            }
        },
        "tslib": {
            "version": "2.3.0",
            "resolved": "https://registry.npmjs.org/tslib/-/tslib-2.3.0.tgz",
            "integrity": "sha512-N82ooyxVNm6h1riLCoyS9e3fuJ3AMG2zIZs2Gd1ATcSFjSA23Q0fzjjZeh0jbJvWVDZ0cJT8yaNNaaXHzueNjg=="
        },
        "type-func": {
            "version": "1.0.3",
            "resolved": "https://registry.npmjs.org/type-func/-/type-func-1.0.3.tgz",
            "integrity": "sha1-qxhCNK6A2NUAV87+/zstl9CK6bA="
        },
        "vite": {
            "version": "2.9.15",
            "resolved": "https://registry.npmjs.org/vite/-/vite-2.9.15.tgz",
            "integrity": "sha512-fzMt2jK4vQ3yK56te3Kqpkaeq9DkcZfBbzHwYpobasvgYmP2SoAr6Aic05CsB4CzCZbsDv4sujX3pkEGhLabVQ==",
            "dev": true,
            "requires": {
                "esbuild": "^0.14.27",
                "fsevents": "~2.3.2",
                "postcss": "^8.4.13",
                "resolve": "^1.22.0",
                "rollup": ">=2.59.0 <2.78.0"
            },
            "dependencies": {
                "nanoid": {
                    "version": "3.3.4",
                    "resolved": "https://registry.npmjs.org/nanoid/-/nanoid-3.3.4.tgz",
                    "integrity": "sha512-MqBkQh/OHTS2egovRtLk45wEyNXwF+cokD+1YPf9u5VfJiRdAiRwB2froX5Co9Rh20xs4siNPm8naNotSD6RBw==",
                    "dev": true
                },
                "postcss": {
                    "version": "8.4.20",
                    "resolved": "https://registry.npmjs.org/postcss/-/postcss-8.4.20.tgz",
                    "integrity": "sha512-6Q04AXR1212bXr5fh03u8aAwbLxAQNGQ/Q1LNa0VfOI06ZAlhPHtQvE4OIdpj4kLThXilalPnmDSOD65DcHt+g==",
                    "dev": true,
                    "requires": {
                        "nanoid": "^3.3.4",
                        "picocolors": "^1.0.0",
                        "source-map-js": "^1.0.2"
                    }
                }
            }
        },
        "zrender": {
            "version": "5.4.1",
            "resolved": "https://registry.npmjs.org/zrender/-/zrender-5.4.1.tgz",
            "integrity": "sha512-M4Z05BHWtajY2241EmMPHglDQAJ1UyHQcYsxDNzD9XLSkPDqMq4bB28v9Pb4mvHnVQ0GxyTklZ/69xCFP6RXBA==",
            "requires": {
                "tslib": "2.3.0"
            }
        }
    }
}
