{
    "name": "hrms",
    "version": "1.0.0",
    "lockfileVersion": 1,
    "requires": true,
    "dependencies": {
        "@babel/parser": {
            "version": "7.20.5",
            "resolved": "https://registry.npmjs.org/@babel/parser/-/parser-7.20.5.tgz",
            "integrity": "sha512-r27t/cy/m9uKLXQNWWebeCUHgnAZq0CpG1OwKRxzJMP1vpSU4bSIK2hq+/cp0bQxetkXx38n09rNu8jVkcK/zA=="
        },
        "@babel/runtime": {
            "version": "7.17.7",
            "resolved": "https://registry.npmjs.org/@babel/runtime/-/runtime-7.17.7.tgz",
            "integrity": "sha512-L6rvG9GDxaLgFjg41K+5Yv9OMrU98sWe+Ykmc6FDJW/+vYZMhdOMKkISgzptMaERHvS2Y2lw9MDRm2gHhlQQoA==",
            "requires": {
                "regenerator-runtime": "^0.13.4"
            }
        },
        "@esbuild/android-arm": {
            "version": "0.16.10",
            "resolved": "https://registry.npmjs.org/@esbuild/android-arm/-/android-arm-0.16.10.tgz",
            "integrity": "sha512-RmJjQTRrO6VwUWDrzTBLmV4OJZTarYsiepLGlF2rYTVB701hSorPywPGvP6d8HCuuRibyXa5JX4s3jN2kHEtjQ==",
            "optional": true
        },
        "@esbuild/android-arm64": {
            "version": "0.16.10",
            "resolved": "https://registry.npmjs.org/@esbuild/android-arm64/-/android-arm64-0.16.10.tgz",
            "integrity": "sha512-47Y+NwVKTldTlDhSgJHZ/RpvBQMUDG7eKihqaF/u6g7s0ZPz4J1vy8A3rwnnUOF2CuDn7w7Gj/QcMoWz3U3SJw==",
            "optional": true
        },
        "@esbuild/android-x64": {
            "version": "0.16.10",
            "resolved": "https://registry.npmjs.org/@esbuild/android-x64/-/android-x64-0.16.10.tgz",
            "integrity": "sha512-C4PfnrBMcuAcOurQzpF1tTtZz94IXO5JmICJJ3NFJRHbXXsQUg9RFG45KvydKqtFfBaFLCHpduUkUfXwIvGnRg==",
            "optional": true
        },
        "@esbuild/darwin-arm64": {
            "version": "0.16.10",
            "resolved": "https://registry.npmjs.org/@esbuild/darwin-arm64/-/darwin-arm64-0.16.10.tgz",
            "integrity": "sha512-bH/bpFwldyOKdi9HSLCLhhKeVgRYr9KblchwXgY2NeUHBB/BzTUHtUSBgGBmpydB1/4E37m+ggXXfSrnD7/E7g==",
            "optional": true
        },
        "@esbuild/darwin-x64": {
            "version": "0.16.10",
            "resolved": "https://registry.npmjs.org/@esbuild/darwin-x64/-/darwin-x64-0.16.10.tgz",
            "integrity": "sha512-OXt7ijoLuy+AjDSKQWu+KdDFMBbdeaL6wtgMKtDUXKWHiAMKHan5+R1QAG6HD4+K0nnOvEJXKHeA9QhXNAjOTQ==",
            "optional": true
        },
        "@esbuild/freebsd-arm64": {
            "version": "0.16.10",
            "resolved": "https://registry.npmjs.org/@esbuild/freebsd-arm64/-/freebsd-arm64-0.16.10.tgz",
            "integrity": "sha512-shSQX/3GHuspE3Uxtq5kcFG/zqC+VuMnJkqV7LczO41cIe6CQaXHD3QdMLA4ziRq/m0vZo7JdterlgbmgNIAlQ==",
            "optional": true
        },
        "@esbuild/freebsd-x64": {
            "version": "0.16.10",
            "resolved": "https://registry.npmjs.org/@esbuild/freebsd-x64/-/freebsd-x64-0.16.10.tgz",
            "integrity": "sha512-5YVc1zdeaJGASijZmTzSO4h6uKzsQGG3pkjI6fuXvolhm3hVRhZwnHJkforaZLmzvNv5Tb7a3QL2FAVmrgySIA==",
            "optional": true
        },
        "@esbuild/linux-arm": {
            "version": "0.16.10",
            "resolved": "https://registry.npmjs.org/@esbuild/linux-arm/-/linux-arm-0.16.10.tgz",
            "integrity": "sha512-c360287ZWI2miBnvIj23bPyVctgzeMT2kQKR+x94pVqIN44h3GF8VMEs1SFPH1UgyDr3yBbx3vowDS1SVhyVhA==",
            "optional": true
        },
        "@esbuild/linux-arm64": {
            "version": "0.16.10",
            "resolved": "https://registry.npmjs.org/@esbuild/linux-arm64/-/linux-arm64-0.16.10.tgz",
            "integrity": "sha512-2aqeNVxIaRfPcIaMZIFoblLh588sWyCbmj1HHCCs9WmeNWm+EIN0SmvsmPvTa/TsNZFKnxTcvkX2eszTcCqIrA==",
            "optional": true
        },
        "@esbuild/linux-ia32": {
            "version": "0.16.10",
            "resolved": "https://registry.npmjs.org/@esbuild/linux-ia32/-/linux-ia32-0.16.10.tgz",
            "integrity": "sha512-sqMIEWeyrLGU7J5RB5fTkLRIFwsgsQ7ieWXlDLEmC2HblPYGb3AucD7inw2OrKFpRPKsec1l+lssiM3+NV5aOw==",
            "optional": true
        },
        "@esbuild/linux-loong64": {
            "version": "0.16.10",
            "resolved": "https://registry.npmjs.org/@esbuild/linux-loong64/-/linux-loong64-0.16.10.tgz",
            "integrity": "sha512-O7Pd5hLEtTg37NC73pfhUOGTjx/+aXu5YoSq3ahCxcN7Bcr2F47mv+kG5t840thnsEzrv0oB70+LJu3gUgchvg==",
            "optional": true
        },
        "@esbuild/linux-mips64el": {
            "version": "0.16.10",
            "resolved": "https://registry.npmjs.org/@esbuild/linux-mips64el/-/linux-mips64el-0.16.10.tgz",
            "integrity": "sha512-FN8mZOH7531iPHM0kaFhAOqqNHoAb6r/YHW2ZIxNi0a85UBi2DO4Vuyn7t1p4UN8a4LoAnLOT1PqNgHkgBJgbA==",
            "optional": true
        },
        "@esbuild/linux-ppc64": {
            "version": "0.16.10",
            "resolved": "https://registry.npmjs.org/@esbuild/linux-ppc64/-/linux-ppc64-0.16.10.tgz",
            "integrity": "sha512-Dg9RiqdvHOAWnOKIOTsIx8dFX9EDlY2IbPEY7YFzchrCiTZmMkD7jWA9UdZbNUygPjdmQBVPRCrLydReFlX9yg==",
            "optional": true
        },
        "@esbuild/linux-riscv64": {
            "version": "0.16.10",
            "resolved": "https://registry.npmjs.org/@esbuild/linux-riscv64/-/linux-riscv64-0.16.10.tgz",
            "integrity": "sha512-XMqtpjwzbmlar0BJIxmzu/RZ7EWlfVfH68Vadrva0Wj5UKOdKvqskuev2jY2oPV3aoQUyXwnMbMrFmloO2GfAw==",
            "optional": true
        },
        "@esbuild/linux-s390x": {
            "version": "0.16.10",
            "resolved": "https://registry.npmjs.org/@esbuild/linux-s390x/-/linux-s390x-0.16.10.tgz",
            "integrity": "sha512-fu7XtnoeRNFMx8DjK3gPWpFBDM2u5ba+FYwg27SjMJwKvJr4bDyKz5c+FLXLUSSAkMAt/UL+cUbEbra+rYtUgw==",
            "optional": true
        },
        "@esbuild/linux-x64": {
            "version": "0.16.10",
            "resolved": "https://registry.npmjs.org/@esbuild/linux-x64/-/linux-x64-0.16.10.tgz",
            "integrity": "sha512-61lcjVC/RldNNMUzQQdyCWjCxp9YLEQgIxErxU9XluX7juBdGKb0pvddS0vPNuCvotRbzijZ1pzII+26haWzbA==",
            "optional": true
        },
        "@esbuild/netbsd-x64": {
            "version": "0.16.10",
            "resolved": "https://registry.npmjs.org/@esbuild/netbsd-x64/-/netbsd-x64-0.16.10.tgz",
            "integrity": "sha512-JeZXCX3viSA9j4HqSoygjssdqYdfHd6yCFWyfSekLbz4Ef+D2EjvsN02ZQPwYl5a5gg/ehdHgegHhlfOFP0HCA==",
            "optional": true
        },
        "@esbuild/openbsd-x64": {
            "version": "0.16.10",
            "resolved": "https://registry.npmjs.org/@esbuild/openbsd-x64/-/openbsd-x64-0.16.10.tgz",
            "integrity": "sha512-3qpxQKuEVIIg8SebpXsp82OBrqjPV/OwNWmG+TnZDr3VGyChNnGMHccC1xkbxCHDQNnnXjxhMQNyHmdFJbmbRA==",
            "optional": true
        },
        "@esbuild/sunos-x64": {
            "version": "0.16.10",
            "resolved": "https://registry.npmjs.org/@esbuild/sunos-x64/-/sunos-x64-0.16.10.tgz",
            "integrity": "sha512-z+q0xZ+et/7etz7WoMyXTHZ1rB8PMSNp/FOqURLJLOPb3GWJ2aj4oCqFCjPwEbW1rsT7JPpxeH/DwGAWk/I1Bg==",
            "optional": true
        },
        "@esbuild/win32-arm64": {
            "version": "0.16.10",
            "resolved": "https://registry.npmjs.org/@esbuild/win32-arm64/-/win32-arm64-0.16.10.tgz",
            "integrity": "sha512-+YYu5sbQ9npkNT9Dec+tn1F/kjg6SMgr6bfi/6FpXYZvCRfu2YFPZGb+3x8K30s8eRxFpoG4sGhiSUkr1xbHEw==",
            "optional": true
        },
        "@esbuild/win32-ia32": {
            "version": "0.16.10",
            "resolved": "https://registry.npmjs.org/@esbuild/win32-ia32/-/win32-ia32-0.16.10.tgz",
            "integrity": "sha512-Aw7Fupk7XNehR1ftHGYwUteyJ2q+em/aE+fVU3YMTBN2V5A7Z4aVCSV+SvCp9HIIHZavPFBpbdP3VfjQpdf6Xg==",
            "optional": true
        },
        "@esbuild/win32-x64": {
            "version": "0.16.10",
            "resolved": "https://registry.npmjs.org/@esbuild/win32-x64/-/win32-x64-0.16.10.tgz",
            "integrity": "sha512-qddWullt3sC1EIpfHvCRBq3H4g3L86DZpD6n8k2XFjFVyp01D++uNbN1hT/JRsHxTbyyemZcpwL5aRlJwc/zFw==",
            "optional": true
        },
        "@swc/helpers": {
            "version": "0.2.14",
            "resolved": "https://registry.npmjs.org/@swc/helpers/-/helpers-0.2.14.tgz",
            "integrity": "sha512-wpCQMhf5p5GhNg2MmGKXzUNwxe7zRiCsmqYsamez2beP7mKPCSiu+BjZcdN95yYSzO857kr0VfQewmGpS77nqA=="
        },
        "@vitejs/plugin-vue": {
            "version": "4.0.0",
            "resolved": "https://registry.npmjs.org/@vitejs/plugin-vue/-/plugin-vue-4.0.0.tgz",
            "integrity": "sha512-e0X4jErIxAB5oLtDqbHvHpJe/uWNkdpYV83AOG2xo2tEVSzCzewgJMtREZM30wXnM5ls90hxiOtAuVU6H5JgbA=="
        },
        "@vue/compiler-core": {
            "version": "3.2.45",
            "resolved": "https://registry.npmjs.org/@vue/compiler-core/-/compiler-core-3.2.45.tgz",
            "integrity": "sha512-rcMj7H+PYe5wBV3iYeUgbCglC+pbpN8hBLTJvRiK2eKQiWqu+fG9F+8sW99JdL4LQi7Re178UOxn09puSXvn4A==",
            "requires": {
                "@babel/parser": "^7.16.4",
                "@vue/shared": "3.2.45",
                "estree-walker": "^2.0.2",
                "source-map": "^0.6.1"
            }
        },
        "@vue/compiler-dom": {
            "version": "3.2.45",
            "resolved": "https://registry.npmjs.org/@vue/compiler-dom/-/compiler-dom-3.2.45.tgz",
            "integrity": "sha512-tyYeUEuKqqZO137WrZkpwfPCdiiIeXYCcJ8L4gWz9vqaxzIQRccTSwSWZ/Axx5YR2z+LvpUbmPNXxuBU45lyRw==",
            "requires": {
                "@vue/compiler-core": "3.2.45",
                "@vue/shared": "3.2.45"
            }
        },
        "@vue/compiler-sfc": {
            "version": "3.2.45",
            "resolved": "https://registry.npmjs.org/@vue/compiler-sfc/-/compiler-sfc-3.2.45.tgz",
            "integrity": "sha512-1jXDuWah1ggsnSAOGsec8cFjT/K6TMZ0sPL3o3d84Ft2AYZi2jWJgRMjw4iaK0rBfA89L5gw427H4n1RZQBu6Q==",
            "requires": {
                "@babel/parser": "^7.16.4",
                "@vue/compiler-core": "3.2.45",
                "@vue/compiler-dom": "3.2.45",
                "@vue/compiler-ssr": "3.2.45",
                "@vue/reactivity-transform": "3.2.45",
                "@vue/shared": "3.2.45",
                "estree-walker": "^2.0.2",
                "magic-string": "^0.25.7",
                "postcss": "^8.1.10",
                "source-map": "^0.6.1"
            }
        },
        "@vue/compiler-ssr": {
            "version": "3.2.45",
            "resolved": "https://registry.npmjs.org/@vue/compiler-ssr/-/compiler-ssr-3.2.45.tgz",
            "integrity": "sha512-6BRaggEGqhWht3lt24CrIbQSRD5O07MTmd+LjAn5fJj568+R9eUD2F7wMQJjX859seSlrYog7sUtrZSd7feqrQ==",
            "requires": {
                "@vue/compiler-dom": "3.2.45",
                "@vue/shared": "3.2.45"
            }
        },
        "@vue/reactivity": {
            "version": "3.2.45",
            "resolved": "https://registry.npmjs.org/@vue/reactivity/-/reactivity-3.2.45.tgz",
            "integrity": "sha512-PRvhCcQcyEVohW0P8iQ7HDcIOXRjZfAsOds3N99X/Dzewy8TVhTCT4uXpAHfoKjVTJRA0O0K+6QNkDIZAxNi3A==",
            "requires": {
                "@vue/shared": "3.2.45"
            }
        },
        "@vue/reactivity-transform": {
            "version": "3.2.45",
            "resolved": "https://registry.npmjs.org/@vue/reactivity-transform/-/reactivity-transform-3.2.45.tgz",
            "integrity": "sha512-BHVmzYAvM7vcU5WmuYqXpwaBHjsS8T63jlKGWVtHxAHIoMIlmaMyurUSEs1Zcg46M4AYT5MtB1U274/2aNzjJQ==",
            "requires": {
                "@babel/parser": "^7.16.4",
                "@vue/compiler-core": "3.2.45",
                "@vue/shared": "3.2.45",
                "estree-walker": "^2.0.2",
                "magic-string": "^0.25.7"
            }
        },
        "@vue/runtime-core": {
            "version": "3.2.45",
            "resolved": "https://registry.npmjs.org/@vue/runtime-core/-/runtime-core-3.2.45.tgz",
            "integrity": "sha512-gzJiTA3f74cgARptqzYswmoQx0fIA+gGYBfokYVhF8YSXjWTUA2SngRzZRku2HbGbjzB6LBYSbKGIaK8IW+s0A==",
            "requires": {
                "@vue/reactivity": "3.2.45",
                "@vue/shared": "3.2.45"
            }
        },
        "@vue/runtime-dom": {
            "version": "3.2.45",
            "resolved": "https://registry.npmjs.org/@vue/runtime-dom/-/runtime-dom-3.2.45.tgz",
            "integrity": "sha512-cy88YpfP5Ue2bDBbj75Cb4bIEZUMM/mAkDMfqDTpUYVgTf/kuQ2VQ8LebuZ8k6EudgH8pYhsGWHlY0lcxlvTwA==",
            "requires": {
                "@vue/runtime-core": "3.2.45",
                "@vue/shared": "3.2.45",
                "csstype": "^2.6.8"
            }
        },
        "@vue/server-renderer": {
            "version": "3.2.45",
            "resolved": "https://registry.npmjs.org/@vue/server-renderer/-/server-renderer-3.2.45.tgz",
            "integrity": "sha512-ebiMq7q24WBU1D6uhPK//2OTR1iRIyxjF5iVq/1a5I1SDMDyDu4Ts6fJaMnjrvD3MqnaiFkKQj+LKAgz5WIK3g==",
            "requires": {
                "@vue/compiler-ssr": "3.2.45",
                "@vue/shared": "3.2.45"
            }
        },
        "@vue/shared": {
            "version": "3.2.45",
            "resolved": "https://registry.npmjs.org/@vue/shared/-/shared-3.2.45.tgz",
            "integrity": "sha512-Ewzq5Yhimg7pSztDV+RH1UDKBzmtqieXQlpTVm2AwraoRL/Rks96mvd8Vgi7Lj+h+TH8dv7mXD3FRZR3TUvbSg=="
        },
        "animation-frame-polyfill": {
            "version": "1.0.2",
            "resolved": "https://registry.npmjs.org/animation-frame-polyfill/-/animation-frame-polyfill-1.0.2.tgz",
            "integrity": "sha512-PvO5poSMoHhaoNNgHPo+oqs/0L9UqjsUbqv0iOXVqLh6HX85fsOVQTUrzSBvjdZz7hydARlgLELyzJJKIrPJAQ=="
        },
        "array-from": {
            "version": "2.1.1",
            "resolved": "https://registry.npmjs.org/array-from/-/array-from-2.1.1.tgz",
            "integrity": "sha1-z+nYwmYoudxa7MYqn12PHzUsEZU="
        },
        "axios": {
            "version": "0.25.0",
            "resolved": "https://registry.npmjs.org/axios/-/axios-0.25.0.tgz",
            "integrity": "sha512-cD8FOb0tRH3uuEe6+evtAbgJtfxr7ly3fQjYcMcuPlgkwVS9xboaVIpcDV+cYQe+yGykgwZCs1pzjntcGa6l5g==",
            "dev": true,
            "requires": {
                "follow-redirects": "^1.14.7"
            }
        },
        "chart.js": {
            "version": "3.9.1",
            "resolved": "https://registry.npmjs.org/chart.js/-/chart.js-3.9.1.tgz",
            "integrity": "sha512-Ro2JbLmvg83gXF5F4sniaQ+lTbSv18E+TIf2cOeiH1Iqd2PGFOtem+DUufMZsCJwFE7ywPOpfXFBwRTGq7dh6w=="
        },
        "choices.js": {
            "version": "9.1.0",
            "resolved": "https://registry.npmjs.org/choices.js/-/choices.js-9.1.0.tgz",
            "integrity": "sha512-6NnqiE/MNnNAiMzdW7phJ49nMQylkKMQ6La6PAS1+h1VhrGt38MOPnjzEJ3cRaECieqaGpl9eFGtI2icW27r8A==",
            "requires": {
                "deepmerge": "^4.2.2",
                "fuse.js": "^3.4.6",
                "redux": "^4.1.2"
            }
        },
        "classnames": {
            "version": "2.3.2",
            "resolved": "https://registry.npmjs.org/classnames/-/classnames-2.3.2.tgz",
            "integrity": "sha512-CSbhY4cFEJRe6/GQzIk5qXZ4Jeg5pcsP7b5peFSDpffpe1cqjASH/n9UTjBwOp6XpMSTwQ8Za2K5V02ueA7Tmw=="
        },
        "cleave.js": {
            "version": "1.6.0",
            "resolved": "https://registry.npmjs.org/cleave.js/-/cleave.js-1.6.0.tgz",
            "integrity": "sha512-ivqesy3j5hQVG3gywPfwKPbi/7ZSftY/UNp5uphnqjr25yI2CP8FS2ODQPzuLXXnNLi29e2+PgPkkiKUXLs/Nw=="
        },
        "core-js": {
            "version": "3.26.1",
            "resolved": "https://registry.npmjs.org/core-js/-/core-js-3.26.1.tgz",
            "integrity": "sha512-21491RRQVzUn0GGM9Z1Jrpr6PNPxPi+Za8OM9q4tksTSnlbXXGKK1nXNg/QvwFYettXvSX6zWKCtHHfjN4puyA=="
        },
        "create-point-cb": {
            "version": "1.2.0",
            "resolved": "https://registry.npmjs.org/create-point-cb/-/create-point-cb-1.2.0.tgz",
            "integrity": "sha1-G85H/E/AGFXuEhONZ2sMsqfLznE=",
            "requires": {
                "type-func": "^1.0.1"
            }
        },
        "csstype": {
            "version": "2.6.21",
            "resolved": "https://registry.npmjs.org/csstype/-/csstype-2.6.21.tgz",
            "integrity": "sha512-Z1PhmomIfypOpoMjRQB70jfvy/wxT50qW08YXO5lMIJkrdq4yOTR+AW7FqutScmB9NkLwxo+jU+kZLbofZZq/w=="
        },
        "deepmerge": {
            "version": "4.2.2",
            "resolved": "https://registry.npmjs.org/deepmerge/-/deepmerge-4.2.2.tgz",
            "integrity": "sha512-FJ3UgI4gIl+PHZm53knsuSFpE+nESMr7M4v9QcgB7S63Kj/6WqMiFQJpBBYz1Pt+66bZpP3Q7Lye0Oo9MPKEdg=="
        },
        "desandro-matches-selector": {
            "version": "2.0.2",
            "resolved": "https://registry.npmjs.org/desandro-matches-selector/-/desandro-matches-selector-2.0.2.tgz",
            "integrity": "sha1-cXvu1NwT59jzdi9wem1YpndCGOE="
        },
        "dom-autoscroller": {
            "version": "2.3.4",
            "resolved": "https://registry.npmjs.org/dom-autoscroller/-/dom-autoscroller-2.3.4.tgz",
            "integrity": "sha512-HcAdt/2Dq9x4CG6LWXc2x9Iq0MJPAu8fuzHncclq7byufqYEYVtx9sZ/dyzR+gdj4qwEC9p27Lw1G2HRRYX6jQ==",
            "requires": {
                "animation-frame-polyfill": "^1.0.0",
                "create-point-cb": "^1.0.0",
                "dom-mousemove-dispatcher": "^1.0.1",
                "dom-plane": "^1.0.1",
                "dom-set": "^1.0.1",
                "type-func": "^1.0.1"
            }
        },
        "dom-mousemove-dispatcher": {
            "version": "1.0.1",
            "resolved": "https://registry.npmjs.org/dom-mousemove-dispatcher/-/dom-mousemove-dispatcher-1.0.1.tgz",
            "integrity": "sha1-okpt35Oye7NpT3IIdUalf8fpFA8="
        },
        "dom-plane": {
            "version": "1.0.2",
            "resolved": "https://registry.npmjs.org/dom-plane/-/dom-plane-1.0.2.tgz",
            "integrity": "sha1-+MheaXxYfxR+j8L6wd4HjB/kFyw=",
            "requires": {
                "create-point-cb": "^1.0.0"
            }
        },
        "dom-set": {
            "version": "1.1.1",
            "resolved": "https://registry.npmjs.org/dom-set/-/dom-set-1.1.1.tgz",
            "integrity": "sha1-XCxhDuSDm1IO1fmN28vjFMD6lUo=",
            "requires": {
                "array-from": "^2.1.1",
                "is-array": "^1.0.1",
                "iselement": "^1.1.4"
            }
        },
        "dom7": {
            "version": "4.0.4",
            "resolved": "https://registry.npmjs.org/dom7/-/dom7-4.0.4.tgz",
            "integrity": "sha512-DSSgBzQ4rJWQp1u6o+3FVwMNnT5bzQbMb+o31TjYYeRi05uAcpF8koxdfzeoe5ElzPmua7W7N28YJhF7iEKqIw==",
            "requires": {
                "ssr-window": "^4.0.0"
            }
        },
        "dropzone": {
            "version": "6.0.0-beta.2",
            "resolved": "https://registry.npmjs.org/dropzone/-/dropzone-6.0.0-beta.2.tgz",
            "integrity": "sha512-k44yLuFFhRk53M8zP71FaaNzJYIzr99SKmpbO/oZKNslDjNXQsBTdfLs+iONd0U0L94zzlFzRnFdqbLcs7h9fQ==",
            "requires": {
                "@swc/helpers": "^0.2.13",
                "just-extend": "^5.0.0"
            }
        },
        "echarts": {
            "version": "5.4.1",
            "resolved": "https://registry.npmjs.org/echarts/-/echarts-5.4.1.tgz",
            "integrity": "sha512-9ltS3M2JB0w2EhcYjCdmtrJ+6haZcW6acBolMGIuf01Hql1yrIV01L1aRj7jsaaIULJslEP9Z3vKlEmnJaWJVQ==",
            "requires": {
                "tslib": "2.3.0",
                "zrender": "5.4.1"
            }
        },
        "esbuild": {
            "version": "0.16.10",
            "resolved": "https://registry.npmjs.org/esbuild/-/esbuild-0.16.10.tgz",
            "integrity": "sha512-z5dIViHoVnw2l+NCJ3zj5behdXjYvXne9gL18OOivCadXDUhyDkeSvEtLcGVAJW2fNmh33TDUpsi704XYlDodw==",
            "requires": {
                "@esbuild/android-arm": "0.16.10",
                "@esbuild/android-arm64": "0.16.10",
                "@esbuild/android-x64": "0.16.10",
                "@esbuild/darwin-arm64": "0.16.10",
                "@esbuild/darwin-x64": "0.16.10",
                "@esbuild/freebsd-arm64": "0.16.10",
                "@esbuild/freebsd-x64": "0.16.10",
                "@esbuild/linux-arm": "0.16.10",
                "@esbuild/linux-arm64": "0.16.10",
                "@esbuild/linux-ia32": "0.16.10",
                "@esbuild/linux-loong64": "0.16.10",
                "@esbuild/linux-mips64el": "0.16.10",
                "@esbuild/linux-ppc64": "0.16.10",
                "@esbuild/linux-riscv64": "0.16.10",
                "@esbuild/linux-s390x": "0.16.10",
                "@esbuild/linux-x64": "0.16.10",
                "@esbuild/netbsd-x64": "0.16.10",
                "@esbuild/openbsd-x64": "0.16.10",
                "@esbuild/sunos-x64": "0.16.10",
                "@esbuild/win32-arm64": "0.16.10",
                "@esbuild/win32-ia32": "0.16.10",
                "@esbuild/win32-x64": "0.16.10"
            }
        },
        "estree-walker": {
            "version": "2.0.2",
            "resolved": "https://registry.npmjs.org/estree-walker/-/estree-walker-2.0.2.tgz",
            "integrity": "sha512-Rfkk/Mp/DL7JVje3u18FxFujQlTNR2q6QfMSMB7AvCBx91NGj/ba3kCfza0f6dVDbw7YlRf/nDrn7pQrCCyQ/w=="
        },
        "ev-emitter": {
            "version": "1.1.1",
            "resolved": "https://registry.npmjs.org/ev-emitter/-/ev-emitter-1.1.1.tgz",
            "integrity": "sha512-ipiDYhdQSCZ4hSbX4rMW+XzNKMD1prg/sTvoVmSLkuQ1MVlwjJQQA+sW8tMYR3BLUr9KjodFV4pvzunvRhd33Q=="
        },
        "feather-icons": {
            "version": "4.29.0",
            "resolved": "https://registry.npmjs.org/feather-icons/-/feather-icons-4.29.0.tgz",
            "integrity": "sha512-Y7VqN9FYb8KdaSF0qD1081HCkm0v4Eq/fpfQYQnubpqi0hXx14k+gF9iqtRys1SIcTEi97xDi/fmsPFZ8xo0GQ==",
            "requires": {
                "classnames": "^2.2.5",
                "core-js": "^3.1.3"
            }
        },
        "fg-emoji-picker": {
            "version": "1.0.1",
            "resolved": "https://registry.npmjs.org/fg-emoji-picker/-/fg-emoji-picker-1.0.1.tgz",
            "integrity": "sha512-7cZbyFvxnOdFciBxGV9SvQpPaFomn5qvJG2vlj9Cw1TKlkxL58WTXo0iwyq5+8fmPP1wrM88/MGGMh65alkxYg=="
        },
        "filepond": {
            "version": "4.30.4",
            "resolved": "https://registry.npmjs.org/filepond/-/filepond-4.30.4.tgz",
            "integrity": "sha512-FCwsMvG9iiEs6uobdDrTaKsCgsqys0NuLgPPD8n37AYVYBiiDkrPkk9MSIU5rT2FahYcL1bScYI9huIPtlzqyA=="
        },
        "filepond-plugin-file-encode": {
            "version": "2.1.10",
            "resolved": "https://registry.npmjs.org/filepond-plugin-file-encode/-/filepond-plugin-file-encode-2.1.10.tgz",
            "integrity": "sha512-SCz6Pvu/30WV2knw+zMuJ4bB+vBE7niMg2Vte3NXY9K5qfBpX0Ido35PKUrxLatSMeWiwVakhwindt2n591jJw=="
        },
        "filepond-plugin-file-validate-size": {
            "version": "2.2.8",
            "resolved": "https://registry.npmjs.org/filepond-plugin-file-validate-size/-/filepond-plugin-file-validate-size-2.2.8.tgz",
            "integrity": "sha512-yzb8scATmkWqPTP7oKQz6L8WwJm6Xmgc/fuq6DFGRaLz0I7372BUvBsxagBk/hypMIjvieNzhggm33Y60x3rcw=="
        },
        "filepond-plugin-image-exif-orientation": {
            "version": "1.0.11",
            "resolved": "https://registry.npmjs.org/filepond-plugin-image-exif-orientation/-/filepond-plugin-image-exif-orientation-1.0.11.tgz",
            "integrity": "sha512-hLBc12Fk6Zkj3L8mSAn+elugHOqT5rLUbgVXQQIQjMe0FsGjtpoxqeVR6jt4IWHGat2L9sFAgU2TGmd1mqosCg=="
        },
        "filepond-plugin-image-preview": {
            "version": "4.6.11",
            "resolved": "https://registry.npmjs.org/filepond-plugin-image-preview/-/filepond-plugin-image-preview-4.6.11.tgz",
            "integrity": "sha512-0EmQ9HnOb/X0xc5rLcNRhhmdUbp7oiicRwQrcr90ZfVmPJOOZoX3ZGUEsEPj7luMI55huguhcVozdESxtqnuRw=="
        },
        "fizzy-ui-utils": {
            "version": "2.0.7",
            "resolved": "https://registry.npmjs.org/fizzy-ui-utils/-/fizzy-ui-utils-2.0.7.tgz",
            "integrity": "sha512-CZXDVXQ1If3/r8s0T+v+qVeMshhfcuq0rqIFgJnrtd+Bu8GmDmqMjntjUePypVtjHXKJ6V4sw9zeyox34n9aCg==",
            "requires": {
                "desandro-matches-selector": "^2.0.0"
            }
        },
        "flatpickr": {
            "version": "4.6.13",
            "resolved": "https://registry.npmjs.org/flatpickr/-/flatpickr-4.6.13.tgz",
            "integrity": "sha512-97PMG/aywoYpB4IvbvUJi0RQi8vearvU0oov1WW3k0WZPBMrTQVqekSX5CjSG/M4Q3i6A/0FKXC7RyAoAUUSPw=="
        },
        "follow-redirects": {
            "version": "1.15.2",
            "resolved": "https://registry.npmjs.org/follow-redirects/-/follow-redirects-1.15.2.tgz",
            "integrity": "sha512-VQLG33o04KaQ8uYi2tVNbdrWp1QWxNNea+nmIB4EVM28v0hmP17z7aG1+wAkNzVq4KeXTq3221ye5qTJP91JwA==",
            "dev": true
        },
        "fs": {
            "version": "0.0.1-security",
            "resolved": "https://registry.npmjs.org/fs/-/fs-0.0.1-security.tgz",
            "integrity": "sha1-invTcYa23d84E/I4WLV+yq9eQdQ="
        },
        "fsevents": {
            "version": "2.3.2",
            "resolved": "https://registry.npmjs.org/fsevents/-/fsevents-2.3.2.tgz",
            "integrity": "sha512-xiqMQR4xAeHTuB9uWm+fFRcIOgKBMiOBP+eXiyT7jsgVCq1bkVygt00oASowB7EdtpOHaaPgKt812P9ab+DDKA==",
            "optional": true
        },
        "fullcalendar": {
            "version": "5.11.3",
            "resolved": "https://registry.npmjs.org/fullcalendar/-/fullcalendar-5.11.3.tgz",
            "integrity": "sha512-SgqiMEA+lWLyEd2jEwtIxdfx41j2CZr4KK00D2Gepj1MnGOjaEi13athnU6xvqMQXXjgJNj+vmlUP69QiuGncQ=="
        },
        "function-bind": {
            "version": "1.1.1",
            "resolved": "https://registry.npmjs.org/function-bind/-/function-bind-1.1.1.tgz",
            "integrity": "sha512-yIovAzMX49sF8Yl58fSCWJ5svSLuaibPxXQJFLmBObTuCr0Mf1KiPopGM9NiFjiYBCbfaa2Fh6breQ6ANVTI0A=="
        },
        "fuse.js": {
            "version": "3.6.1",
            "resolved": "https://registry.npmjs.org/fuse.js/-/fuse.js-3.6.1.tgz",
            "integrity": "sha512-hT9yh/tiinkmirKrlv4KWOjztdoZo1mx9Qh4KvWqC7isoXwdUY3PNWUxceF4/qO9R6riA2C29jdTOeQOIROjgw=="
        },
        "get-size": {
            "version": "2.0.3",
            "resolved": "https://registry.npmjs.org/get-size/-/get-size-2.0.3.tgz",
            "integrity": "sha512-lXNzT/h/dTjTxRbm9BXb+SGxxzkm97h/PCIKtlN/CBCxxmkkIVV21udumMS93MuVTDX583gqc94v3RjuHmI+2Q=="
        },
        "gridjs": {
            "version": "5.1.0",
            "resolved": "https://registry.npmjs.org/gridjs/-/gridjs-5.1.0.tgz",
            "integrity": "sha512-ElT4RccHVZXR6mAn0Neh7jRv0yLPYLl9tWr9EC1tIJ7UC035kScGc/VMSJlPmOTyUU6qPUz1mtmzg/i8+IT24g==",
            "requires": {
                "preact": "^10.10.6"
            }
        },
        "has": {
            "version": "1.0.3",
            "resolved": "https://registry.npmjs.org/has/-/has-1.0.3.tgz",
            "integrity": "sha512-f2dvO0VU6Oej7RkWJGrehjbzMAjFp5/VKPp5tTpWIV4JHHZK1/BxbFRtf/siA2SWTe09caDmVtYYzWEIbBS4zw==",
            "requires": {
                "function-bind": "^1.1.1"
            }
        },
        "is-array": {
            "version": "1.0.1",
            "resolved": "https://registry.npmjs.org/is-array/-/is-array-1.0.1.tgz",
            "integrity": "sha1-6YUMwsyGDDvAl36EzPDdRkWEJ5o="
        },
        "is-core-module": {
            "version": "2.11.0",
            "resolved": "https://registry.npmjs.org/is-core-module/-/is-core-module-2.11.0.tgz",
            "integrity": "sha512-RRjxlvLDkD1YJwDbroBHMb+cukurkDWNyHx7D3oNB5x9rb5ogcksMC5wHCadcXoo67gVr/+3GFySh3134zi6rw==",
            "requires": {
                "has": "^1.0.3"
            }
        },
        "iselement": {
            "version": "1.1.4",
            "resolved": "https://registry.npmjs.org/iselement/-/iselement-1.1.4.tgz",
            "integrity": "sha1-flW1Ko68pQp+LoDluNKEDzI1MUY="
        },
        "just-extend": {
            "version": "5.1.1",
            "resolved": "https://registry.npmjs.org/just-extend/-/just-extend-5.1.1.tgz",
            "integrity": "sha512-b+z6yF1d4EOyDgylzQo5IminlUmzSeqR1hs/bzjBNjuGras4FXq/6TrzjxfN0j+TmI0ltJzTNlqXUMCniciwKQ=="
        },
        "laravel-vite-plugin": {
            "version": "0.7.3",
            "resolved": "https://registry.npmjs.org/laravel-vite-plugin/-/laravel-vite-plugin-0.7.3.tgz",
            "integrity": "sha512-N6hH/JFA98oW1I0OZ2Gx1HF3/QzkBpUIkxqfKqxENQNLWLFx4+CWB7cxP+i4sGXp9LQUlLbH5Lq/eZoXtLAq8w==",
            "requires": {
                "picocolors": "^1.0.0",
                "vite-plugin-full-reload": "^1.0.5"
            }
        },
        "leaflet": {
            "version": "1.9.3",
            "resolved": "https://registry.npmjs.org/leaflet/-/leaflet-1.9.3.tgz",
            "integrity": "sha512-iB2cR9vAkDOu5l3HAay2obcUHZ7xwUBBjph8+PGtmW/2lYhbLizWtG7nTeYht36WfOslixQF9D/uSIzhZgGMfQ=="
        },
        "list.js": {
            "version": "2.3.1",
            "resolved": "https://registry.npmjs.org/list.js/-/list.js-2.3.1.tgz",
            "integrity": "sha512-jnmm7DYpKtH3DxtO1E2VNCC9Gp7Wrp/FWA2JxQrZUhVJ2RCQBd57pCN6W5w6jpsfWZV0PCAbTX2NOPgyFeeZZg==",
            "requires": {
                "string-natural-compare": "^2.0.2"
            }
        },
        "list.pagination.js": {
            "version": "0.1.1",
            "resolved": "https://registry.npmjs.org/list.pagination.js/-/list.pagination.js-0.1.1.tgz",
            "integrity": "sha1-j7EmENXoDRIMlWswXQ6YHoE1lDY="
        },
        "lodash": {
            "version": "4.17.21",
            "resolved": "https://registry.npmjs.org/lodash/-/lodash-4.17.21.tgz",
            "integrity": "sha512-v2kDEe57lecTulaDIuNTPy3Ry4gLGJ6Z1O3vE1krgXZNrsQ+LFTGHVxVjcXPs17LhbZVGedAJv8XZ1tvj5FvSg==",
            "dev": true
        },
        "magic-string": {
            "version": "0.25.9",
            "resolved": "https://registry.npmjs.org/magic-string/-/magic-string-0.25.9.tgz",
            "integrity": "sha512-RmF0AsMzgt25qzqqLc1+MbHmhdx0ojF2Fvs4XnOqz2ZOBXzzkEwc/dJQZCYHAn7v1jbVOjAZfK8msRn4BxO4VQ==",
            "requires": {
                "sourcemap-codec": "^1.4.8"
            }
        },
        "masonry-layout": {
            "version": "4.2.2",
            "resolved": "https://registry.npmjs.org/masonry-layout/-/masonry-layout-4.2.2.tgz",
            "integrity": "sha512-iGtAlrpHNyxaR19CvKC3npnEcAwszXoyJiI8ARV2ePi7fmYhIud25MHK8Zx4P0LCC4d3TNO9+rFa1KoK1OEOaA==",
            "requires": {
                "get-size": "^2.0.2",
                "outlayer": "^2.1.0"
            }
        },
        "moment": {
            "version": "2.29.4",
            "resolved": "https://registry.npmjs.org/moment/-/moment-2.29.4.tgz",
            "integrity": "sha512-5LC9SOxjSc2HF6vO2CyuTDNivEdoz2IvyJJGj6X8DJ0eFyfszE0QiEd+iXmBvUP3WHxSjFH/vIsA0EN00cgr8w=="
        },
        "nanoid": {
            "version": "3.3.1",
            "resolved": "https://registry.npmjs.org/nanoid/-/nanoid-3.3.1.tgz",
            "integrity": "sha512-n6Vs/3KGyxPQd6uO0eH4Bv0ojGSUvuLlIHtC3Y0kEO23YRge8H9x1GCzLn28YX0H66pMkxuaeESFq4tKISKwdw=="
        },
        "outlayer": {
            "version": "2.1.1",
            "resolved": "https://registry.npmjs.org/outlayer/-/outlayer-2.1.1.tgz",
            "integrity": "sha1-KYY7beEOpdrf/8rfoNcokHOH6aI=",
            "requires": {
                "ev-emitter": "^1.0.0",
                "fizzy-ui-utils": "^2.0.0",
                "get-size": "^2.0.2"
            }
        },
        "path-parse": {
            "version": "1.0.7",
            "resolved": "https://registry.npmjs.org/path-parse/-/path-parse-1.0.7.tgz",
            "integrity": "sha512-LDJzPVEEEPR+y48z93A0Ed0yXb8pAByGWo/k5YYdYgpY2/2EsOsksJrq7lOHxryrVOn1ejG6oAp8ahvOIQD8sw=="
        },
        "picocolors": {
            "version": "1.0.0",
            "resolved": "https://registry.npmjs.org/picocolors/-/picocolors-1.0.0.tgz",
            "integrity": "sha512-1fygroTLlHu66zi26VoTDv8yRgm0Fccecssto+MhsZ0D/DGW2sm8E8AjW7NU5VVTRt5GxbeZ5qBuJr+HyLYkjQ=="
        },
        "picomatch": {
            "version": "2.3.1",
            "resolved": "https://registry.npmjs.org/picomatch/-/picomatch-2.3.1.tgz",
            "integrity": "sha512-JU3teHTNjmE2VCGFzuY8EXzCDVwEqB2a8fsIvwaStHhAWJEeVd1o1QD80CU6+ZdEXXSLbSsuLwJjkCBWqRQUVA=="
        },
        "postcss": {
            "version": "8.4.12",
            "resolved": "https://registry.npmjs.org/postcss/-/postcss-8.4.12.tgz",
            "integrity": "sha512-lg6eITwYe9v6Hr5CncVbK70SoioNQIq81nsaG86ev5hAidQvmOeETBqs7jm43K2F5/Ley3ytDtriImV6TpNiSg==",
            "requires": {
                "nanoid": "^3.3.1",
                "picocolors": "^1.0.0",
                "source-map-js": "^1.0.2"
            }
        },
        "preact": {
            "version": "10.11.3",
            "resolved": "https://registry.npmjs.org/preact/-/preact-10.11.3.tgz",
            "integrity": "sha512-eY93IVpod/zG3uMF22Unl8h9KkrcKIRs2EGar8hwLZZDU1lkjph303V9HZBwufh2s736U6VXuhD109LYqPoffg=="
        },
        "redux": {
            "version": "4.1.2",
            "resolved": "https://registry.npmjs.org/redux/-/redux-4.1.2.tgz",
            "integrity": "sha512-SH8PglcebESbd/shgf6mii6EIoRM0zrQyjcuQ+ojmfxjTtE0z9Y8pa62iA/OJ58qjP6j27uyW4kUF4jl/jd6sw==",
            "requires": {
                "@babel/runtime": "^7.9.2"
            }
        },
        "regenerator-runtime": {
            "version": "0.13.9",
            "resolved": "https://registry.npmjs.org/regenerator-runtime/-/regenerator-runtime-0.13.9.tgz",
            "integrity": "sha512-p3VT+cOEgxFsRRA9X4lkI1E+k2/CtnKtU4gcxyaCUreilL/vqI6CdZ3wxVUx3UOUg+gnUOQQcRI7BmSI656MYA=="
        },
        "resolve": {
            "version": "1.22.1",
            "resolved": "https://registry.npmjs.org/resolve/-/resolve-1.22.1.tgz",
            "integrity": "sha512-nBpuuYuY5jFsli/JIs1oldw6fOQCBioohqWZg/2hiaOybXOft4lonv85uDOKXdf8rhyK159cxU5cDcK/NKk8zw==",
            "requires": {
                "is-core-module": "^2.9.0",
                "path-parse": "^1.0.7",
                "supports-preserve-symlinks-flag": "^1.0.0"
            }
        },
        "rollup": {
            "version": "3.8.0",
            "resolved": "https://registry.npmjs.org/rollup/-/rollup-3.8.0.tgz",
            "integrity": "sha512-+UR6PnUslneJNiJfLSzy4XH6R50ZGF0MS7UCv20ftXrktF/TkvZDwiBtXX65esblLR5p8w6LmXgPwt2f2B8SoQ==",
            "requires": {
                "fsevents": "~2.3.2"
            }
        },
        "sortablejs": {
            "version": "1.15.0",
            "resolved": "https://registry.npmjs.org/sortablejs/-/sortablejs-1.15.0.tgz",
            "integrity": "sha512-bv9qgVMjUMf89wAvM6AxVvS/4MX3sPeN0+agqShejLU5z5GX4C75ow1O2e5k4L6XItUyAK3gH6AxSbXrOM5e8w=="
        },
        "source-map": {
            "version": "0.6.1",
            "resolved": "https://registry.npmjs.org/source-map/-/source-map-0.6.1.tgz",
            "integrity": "sha512-UjgapumWlbMhkBgzT7Ykc5YXUT46F0iKu8SGXq0bcwP5dz/h0Plj6enJqjz1Zbq2l5WaqYnrVbwWOWMyF3F47g=="
        },
        "source-map-js": {
            "version": "1.0.2",
            "resolved": "https://registry.npmjs.org/source-map-js/-/source-map-js-1.0.2.tgz",
            "integrity": "sha512-R0XvVJ9WusLiqTCEiGCmICCMplcCkIwwR11mOSD9CR5u+IXYdiseeEuXCVAjS54zqwkLcPNnmU4OeJ6tUrWhDw=="
        },
        "sourcemap-codec": {
            "version": "1.4.8",
            "resolved": "https://registry.npmjs.org/sourcemap-codec/-/sourcemap-codec-1.4.8.tgz",
            "integrity": "sha512-9NykojV5Uih4lgo5So5dtw+f0JgJX30KCNI8gwhz2J9A15wD0Ml6tjHKwf6fTSa6fAdVBdZeNOs9eJ71qCk8vA=="
        },
        "ssr-window": {
            "version": "4.0.2",
            "resolved": "https://registry.npmjs.org/ssr-window/-/ssr-window-4.0.2.tgz",
            "integrity": "sha512-ISv/Ch+ig7SOtw7G2+qkwfVASzazUnvlDTwypdLoPoySv+6MqlOV10VwPSE6EWkGjhW50lUmghPmpYZXMu/+AQ=="
        },
        "string-natural-compare": {
            "version": "2.0.3",
            "resolved": "https://registry.npmjs.org/string-natural-compare/-/string-natural-compare-2.0.3.tgz",
            "integrity": "sha512-4Kcl12rNjc+6EKhY8QyDVuQTAlMWwRiNbsxnVwBUKFr7dYPQuXVrtNU4sEkjF9LHY0AY6uVbB3ktbkIH4LC+BQ=="
        },
        "supports-preserve-symlinks-flag": {
            "version": "1.0.0",
            "resolved": "https://registry.npmjs.org/supports-preserve-symlinks-flag/-/supports-preserve-symlinks-flag-1.0.0.tgz",
            "integrity": "sha512-ot0WnXS9fgdkgIcePe6RHNk1WA8+muPa6cSjeR3V8K27q9BB1rTE3R1p7Hv0z1ZyAc8s6Vvv8DIyWf681MAt0w=="
        },
        "sweetalert2": {
            "version": "11.6.16",
            "resolved": "https://registry.npmjs.org/sweetalert2/-/sweetalert2-11.6.16.tgz",
            "integrity": "sha512-T2FO8LptErsjE4r0WMfiSk4YbeUvPadNaUZ/cADMEOnws000znrf8zFX9S5e/spvzJDyRI5En73WQyDZhGypxQ=="
        },
        "swiper": {
            "version": "7.4.1",
            "resolved": "https://registry.npmjs.org/swiper/-/swiper-7.4.1.tgz",
            "integrity": "sha512-dhbL4tpYFvHug1J7GnKElfTi6EYhlZy/vNZRhHkWFyUsWZ1Vovipxj3la5gqllMogygXJMe3zvVv+f6eppvWiA==",
            "requires": {
                "dom7": "^4.0.2",
                "ssr-window": "^4.0.2"
            }
        },
        "tslib": {
            "version": "2.3.0",
            "resolved": "https://registry.npmjs.org/tslib/-/tslib-2.3.0.tgz",
            "integrity": "sha512-N82ooyxVNm6h1riLCoyS9e3fuJ3AMG2zIZs2Gd1ATcSFjSA23Q0fzjjZeh0jbJvWVDZ0cJT8yaNNaaXHzueNjg=="
        },
        "type-func": {
            "version": "1.0.3",
            "resolved": "https://registry.npmjs.org/type-func/-/type-func-1.0.3.tgz",
            "integrity": "sha1-qxhCNK6A2NUAV87+/zstl9CK6bA="
        },
        "vite": {
            "version": "4.0.3",
            "resolved": "https://registry.npmjs.org/vite/-/vite-4.0.3.tgz",
            "integrity": "sha512-HvuNv1RdE7deIfQb8mPk51UKjqptO/4RXZ5yXSAvurd5xOckwS/gg8h9Tky3uSbnjYTgUm0hVCet1cyhKd73ZA==",
            "requires": {
                "esbuild": "^0.16.3",
                "fsevents": "~2.3.2",
                "postcss": "^8.4.20",
                "resolve": "^1.22.1",
                "rollup": "^3.7.0"
            },
            "dependencies": {
                "nanoid": {
                    "version": "3.3.4",
                    "resolved": "https://registry.npmjs.org/nanoid/-/nanoid-3.3.4.tgz",
                    "integrity": "sha512-MqBkQh/OHTS2egovRtLk45wEyNXwF+cokD+1YPf9u5VfJiRdAiRwB2froX5Co9Rh20xs4siNPm8naNotSD6RBw=="
                },
                "postcss": {
                    "version": "8.4.20",
                    "resolved": "https://registry.npmjs.org/postcss/-/postcss-8.4.20.tgz",
                    "integrity": "sha512-6Q04AXR1212bXr5fh03u8aAwbLxAQNGQ/Q1LNa0VfOI06ZAlhPHtQvE4OIdpj4kLThXilalPnmDSOD65DcHt+g==",
                    "requires": {
                        "nanoid": "^3.3.4",
                        "picocolors": "^1.0.0",
                        "source-map-js": "^1.0.2"
                    }
                }
            }
        },
        "vite-plugin-full-reload": {
            "version": "1.0.5",
            "resolved": "https://registry.npmjs.org/vite-plugin-full-reload/-/vite-plugin-full-reload-1.0.5.tgz",
            "integrity": "sha512-kVZFDFWr0DxiHn6MuDVTQf7gnWIdETGlZh0hvTiMXzRN80vgF4PKbONSq8U1d0WtHsKaFODTQgJeakLacoPZEQ==",
            "requires": {
                "picocolors": "^1.0.0",
                "picomatch": "^2.3.1"
            }
        },
        "vue": {
            "version": "3.2.45",
            "resolved": "https://registry.npmjs.org/vue/-/vue-3.2.45.tgz",
            "integrity": "sha512-9Nx/Mg2b2xWlXykmCwiTUCWHbWIj53bnkizBxKai1g61f2Xit700A1ljowpTIM11e3uipOeiPcSqnmBg6gyiaA==",
            "requires": {
                "@vue/compiler-dom": "3.2.45",
                "@vue/compiler-sfc": "3.2.45",
                "@vue/runtime-dom": "3.2.45",
                "@vue/server-renderer": "3.2.45",
                "@vue/shared": "3.2.45"
            }
        },
        "zrender": {
            "version": "5.4.1",
            "resolved": "https://registry.npmjs.org/zrender/-/zrender-5.4.1.tgz",
            "integrity": "sha512-M4Z05BHWtajY2241EmMPHglDQAJ1UyHQcYsxDNzD9XLSkPDqMq4bB28v9Pb4mvHnVQ0GxyTklZ/69xCFP6RXBA==",
            "requires": {
                "tslib": "2.3.0"
            }
        }
    }
}
